
Microsoft Visual Studio Solution File, Format Version 12.00
# Visual Studio Version 16
VisualStudioVersion = 16.0.30128.74
MinimumVisualStudioVersion = 10.0.40219.1
Project("{FAE04EC0-301F-11D3-BF4B-00C04F79EFBC}") = "MonnifyApp", "MonnifyApp.csproj", "{0A941BDB-95F5-460B-861C-7B61EDB4DF5A}"
EndProject
Global
	GlobalSection(SolutionConfigurationPlatforms) = preSolution
		Debug|Any CPU = Debug|Any CPU
		Release|Any CPU = Release|Any CPU
	EndGlobalSection
	GlobalSection(ProjectConfigurationPlatforms) = postSolution
		{0A941BDB-95F5-460B-861C-7B61EDB4DF5A}.Debug|Any CPU.ActiveCfg = Debug|Any CPU
		{0A941BDB-95F5-460B-861C-7B61EDB4DF5A}.Debug|Any CPU.Build.0 = Debug|Any CPU
		{0A941BDB-95F5-460B-861C-7B61EDB4DF5A}.Release|Any CPU.ActiveCfg = Release|Any CPU
		{0A941BDB-95F5-460B-861C-7B61EDB4DF5A}.Release|Any CPU.Build.0 = Release|Any CPU
	EndGlobalSection
	GlobalSection(SolutionProperties) = preSolution
		HideSolutionNode = FALSE
	EndGlobalSection
	GlobalSection(ExtensibilityGlobals) = postSolution
		SolutionGuid = {DE4A84EA-8834-4F5C-AAAB-941F57FF5D43}
	EndGlobalSection
EndGlobal
